
Microsoft Visual Studio Solution File, Format Version 12.00
# Visual Studio Version 17
VisualStudioVersion = 17.14.36203.30
MinimumVisualStudioVersion = 10.0.40219.1
Project("{2150E333-8FDC-42A3-9474-1A3956D46DE8}") = "src", "src", "{02EA681E-C7D8-13C7-8484-4AC65E1B71E8}"
EndProject
Project("{FAE04EC0-301F-11D3-BF4B-00C04F79EFBC}") = "HealthWomen.API", "src\HealthWomen.API\HealthWomen.API.csproj", "{9BDD4B60-1B1F-4BD7-AB71-E8AAA94ABA9C}"
EndProject
Project("{FAE04EC0-301F-11D3-BF4B-00C04F79EFBC}") = "HealthWomen.Application", "src\HealthWomen.Application\HealthWomen.Application.csproj", "{E1A8FBEA-EF8F-4586-9332-BB47F5C47E6A}"
EndProject
Project("{FAE04EC0-301F-11D3-BF4B-00C04F79EFBC}") = "HealthWomen.Communication", "src\HealthWomen.Communication\HealthWomen.Communication.csproj", "{3948D2F8-878B-4BD4-BC3E-E890410B415F}"
EndProject
Project("{FAE04EC0-301F-11D3-BF4B-00C04F79EFBC}") = "HealthWomen.Domain", "src\HealthWomen.Domain\HealthWomen.Domain.csproj", "{F22793EA-7943-44F8-91C9-AECC9838C46E}"
EndProject
Project("{FAE04EC0-301F-11D3-BF4B-00C04F79EFBC}") = "HealthWomen.Exception", "src\HealthWomen.Exception\HealthWomen.Exception.csproj", "{BCEC2B95-72B5-453D-A007-DECE020C503F}"
EndProject
Project("{FAE04EC0-301F-11D3-BF4B-00C04F79EFBC}") = "HealthWomen.Infrastructure", "src\HealthWomen.Infrastructure\HealthWomen.Infrastructure.csproj", "{E1EBC3C3-BF72-46A3-8808-37BF84B380E9}"
EndProject
Global
	GlobalSection(SolutionConfigurationPlatforms) = preSolution
		Debug|Any CPU = Debug|Any CPU
		Release|Any CPU = Release|Any CPU
	EndGlobalSection
	GlobalSection(ProjectConfigurationPlatforms) = postSolution
		{9BDD4B60-1B1F-4BD7-AB71-E8AAA94ABA9C}.Debug|Any CPU.ActiveCfg = Debug|Any CPU
		{9BDD4B60-1B1F-4BD7-AB71-E8AAA94ABA9C}.Debug|Any CPU.Build.0 = Debug|Any CPU
		{9BDD4B60-1B1F-4BD7-AB71-E8AAA94ABA9C}.Release|Any CPU.ActiveCfg = Release|Any CPU
		{9BDD4B60-1B1F-4BD7-AB71-E8AAA94ABA9C}.Release|Any CPU.Build.0 = Release|Any CPU
		{E1A8FBEA-EF8F-4586-9332-BB47F5C47E6A}.Debug|Any CPU.ActiveCfg = Debug|Any CPU
		{E1A8FBEA-EF8F-4586-9332-BB47F5C47E6A}.Debug|Any CPU.Build.0 = Debug|Any CPU
		{E1A8FBEA-EF8F-4586-9332-BB47F5C47E6A}.Release|Any CPU.ActiveCfg = Release|Any CPU
		{E1A8FBEA-EF8F-4586-9332-BB47F5C47E6A}.Release|Any CPU.Build.0 = Release|Any CPU
		{3948D2F8-878B-4BD4-BC3E-E890410B415F}.Debug|Any CPU.ActiveCfg = Debug|Any CPU
		{3948D2F8-878B-4BD4-BC3E-E890410B415F}.Debug|Any CPU.Build.0 = Debug|Any CPU
		{3948D2F8-878B-4BD4-BC3E-E890410B415F}.Release|Any CPU.ActiveCfg = Release|Any CPU
		{3948D2F8-878B-4BD4-BC3E-E890410B415F}.Release|Any CPU.Build.0 = Release|Any CPU
		{F22793EA-7943-44F8-91C9-AECC9838C46E}.Debug|Any CPU.ActiveCfg = Debug|Any CPU
		{F22793EA-7943-44F8-91C9-AECC9838C46E}.Debug|Any CPU.Build.0 = Debug|Any CPU
		{F22793EA-7943-44F8-91C9-AECC9838C46E}.Release|Any CPU.ActiveCfg = Release|Any CPU
		{F22793EA-7943-44F8-91C9-AECC9838C46E}.Release|Any CPU.Build.0 = Release|Any CPU
		{BCEC2B95-72B5-453D-A007-DECE020C503F}.Debug|Any CPU.ActiveCfg = Debug|Any CPU
		{BCEC2B95-72B5-453D-A007-DECE020C503F}.Debug|Any CPU.Build.0 = Debug|Any CPU
		{BCEC2B95-72B5-453D-A007-DECE020C503F}.Release|Any CPU.ActiveCfg = Release|Any CPU
		{BCEC2B95-72B5-453D-A007-DECE020C503F}.Release|Any CPU.Build.0 = Release|Any CPU
		{E1EBC3C3-BF72-46A3-8808-37BF84B380E9}.Debug|Any CPU.ActiveCfg = Debug|Any CPU
		{E1EBC3C3-BF72-46A3-8808-37BF84B380E9}.Debug|Any CPU.Build.0 = Debug|Any CPU
		{E1EBC3C3-BF72-46A3-8808-37BF84B380E9}.Release|Any CPU.ActiveCfg = Release|Any CPU
		{E1EBC3C3-BF72-46A3-8808-37BF84B380E9}.Release|Any CPU.Build.0 = Release|Any CPU
	EndGlobalSection
	GlobalSection(SolutionProperties) = preSolution
		HideSolutionNode = FALSE
	EndGlobalSection
	GlobalSection(NestedProjects) = preSolution
		{9BDD4B60-1B1F-4BD7-AB71-E8AAA94ABA9C} = {02EA681E-C7D8-13C7-8484-4AC65E1B71E8}
		{E1A8FBEA-EF8F-4586-9332-BB47F5C47E6A} = {02EA681E-C7D8-13C7-8484-4AC65E1B71E8}
		{3948D2F8-878B-4BD4-BC3E-E890410B415F} = {02EA681E-C7D8-13C7-8484-4AC65E1B71E8}
		{F22793EA-7943-44F8-91C9-AECC9838C46E} = {02EA681E-C7D8-13C7-8484-4AC65E1B71E8}
		{BCEC2B95-72B5-453D-A007-DECE020C503F} = {02EA681E-C7D8-13C7-8484-4AC65E1B71E8}
		{E1EBC3C3-BF72-46A3-8808-37BF84B380E9} = {02EA681E-C7D8-13C7-8484-4AC65E1B71E8}
	EndGlobalSection
	GlobalSection(ExtensibilityGlobals) = postSolution
		SolutionGuid = {6D5F21FF-E4C1-425A-ACC0-8797BDA04631}
	EndGlobalSection
EndGlobal
